Microsoft Visual Studio Solution File, Format Version 12.00
# Visual Studio Version 17
VisualStudioVersion = 17.5.2.0
MinimumVisualStudioVersion = 10.0.40219.1
Project("{2150E333-8FDC-42A3-9474-1A3956D46DE8}") = "wpf", "wpf", "{2481DD90-4409-10B6-4FAC-38EB559C7BC3}"
EndProject
Project("{FAE04EC0-301F-11D3-BF4B-00C04F79EFBC}") = "Havenly", "wpf\Havenly\Havenly.csproj", "{064B998F-2129-1DE4-18E6-83DA386474DA}"
EndProject
Global
	GlobalSection(SolutionConfigurationPlatforms) = preSolution
		Debug|Any CPU = Debug|Any CPU
		Release|Any CPU = Release|Any CPU
	EndGlobalSection
	GlobalSection(ProjectConfigurationPlatforms) = postSolution
		{064B998F-2129-1DE4-18E6-83DA386474DA}.Debug|Any CPU.ActiveCfg = Debug|Any CPU
		{064B998F-2129-1DE4-18E6-83DA386474DA}.Debug|Any CPU.Build.0 = Debug|Any CPU
		{064B998F-2129-1DE4-18E6-83DA386474DA}.Release|Any CPU.ActiveCfg = Release|Any CPU
		{064B998F-2129-1DE4-18E6-83DA386474DA}.Release|Any CPU.Build.0 = Release|Any CPU
	EndGlobalSection
	GlobalSection(SolutionProperties) = preSolution
		HideSolutionNode = FALSE
	EndGlobalSection
	GlobalSection(NestedProjects) = preSolution
		{064B998F-2129-1DE4-18E6-83DA386474DA} = {2481DD90-4409-10B6-4FAC-38EB559C7BC3}
	EndGlobalSection
	GlobalSection(ExtensibilityGlobals) = postSolution
		SolutionGuid = {D90D1790-E81E-47B6-AEAB-940397350FAF}
	EndGlobalSection
EndGlobal
